
Microsoft Visual Studio Solution File, Format Version 12.00
# Visual Studio Version 17
VisualStudioVersion = 17.14.36518.9 d17.14
MinimumVisualStudioVersion = 10.0.40219.1
Project("{8BC9CEB8-8B4A-11D0-8D11-00A0C91BC942}") = "CGeIHCProyecto", "CGeIHCProyecto.vcxproj", "{9D03497A-12AE-4FB5-851C-3B14EC1608DD}"
EndProject
Global
	GlobalSection(SolutionConfigurationPlatforms) = preSolution
		Debug|x64 = Debug|x64
		Debug|x86 = Debug|x86
		Release|x64 = Release|x64
		Release|x86 = Release|x86
	EndGlobalSection
	GlobalSection(ProjectConfigurationPlatforms) = postSolution
		{9D03497A-12AE-4FB5-851C-3B14EC1608DD}.Debug|x64.ActiveCfg = Debug|x64
		{9D03497A-12AE-4FB5-851C-3B14EC1608DD}.Debug|x64.Build.0 = Debug|x64
		{9D03497A-12AE-4FB5-851C-3B14EC1608DD}.Debug|x86.ActiveCfg = Debug|Win32
		{9D03497A-12AE-4FB5-851C-3B14EC1608DD}.Debug|x86.Build.0 = Debug|Win32
		{9D03497A-12AE-4FB5-851C-3B14EC1608DD}.Release|x64.ActiveCfg = Release|x64
		{9D03497A-12AE-4FB5-851C-3B14EC1608DD}.Release|x64.Build.0 = Release|x64
		{9D03497A-12AE-4FB5-851C-3B14EC1608DD}.Release|x86.ActiveCfg = Release|Win32
		{9D03497A-12AE-4FB5-851C-3B14EC1608DD}.Release|x86.Build.0 = Release|Win32
	EndGlobalSection
	GlobalSection(SolutionProperties) = preSolution
		HideSolutionNode = FALSE
	EndGlobalSection
	GlobalSection(ExtensibilityGlobals) = postSolution
		SolutionGuid = {3BAD699F-CCE9-4F64-B2A7-83D6CB51C101}
	EndGlobalSection
EndGlobal
